
Microsoft Visual Studio Solution File, Format Version 12.00
Project("{FAE04EC0-301F-11D3-BF4B-00C04F79EFBC}") = "src/logs_handler", "src/logs_handler\logs_handler.csproj", "{AF866355-6E67-422F-BF0F-9B3757413A65}"
EndProject
Project("{FAE04EC0-301F-11D3-BF4B-00C04F79EFBC}") = "Core.Models", "src\Core\Core.Models\Core.Models\Core.Models.csproj", "{9DF9F71E-103A-4070-9BA3-F5312CD02A1C}"
EndProject
Project("{2150E333-8FDC-42A3-9474-1A3956D46DE8}") = "Core", "Core", "{97EB4D0C-7A43-4EE9-B04E-8E923768405D}"
EndProject
Global
	GlobalSection(SolutionConfigurationPlatforms) = preSolution
		Debug|Any CPU = Debug|Any CPU
		Release|Any CPU = Release|Any CPU
	EndGlobalSection
	GlobalSection(ProjectConfigurationPlatforms) = postSolution
		{AF866355-6E67-422F-BF0F-9B3757413A65}.Debug|Any CPU.ActiveCfg = Debug|Any CPU
		{AF866355-6E67-422F-BF0F-9B3757413A65}.Debug|Any CPU.Build.0 = Debug|Any CPU
		{AF866355-6E67-422F-BF0F-9B3757413A65}.Release|Any CPU.ActiveCfg = Release|Any CPU
		{AF866355-6E67-422F-BF0F-9B3757413A65}.Release|Any CPU.Build.0 = Release|Any CPU
		{9DF9F71E-103A-4070-9BA3-F5312CD02A1C}.Debug|Any CPU.ActiveCfg = Debug|Any CPU
		{9DF9F71E-103A-4070-9BA3-F5312CD02A1C}.Debug|Any CPU.Build.0 = Debug|Any CPU
		{9DF9F71E-103A-4070-9BA3-F5312CD02A1C}.Release|Any CPU.ActiveCfg = Release|Any CPU
		{9DF9F71E-103A-4070-9BA3-F5312CD02A1C}.Release|Any CPU.Build.0 = Release|Any CPU
	EndGlobalSection
	GlobalSection(NestedProjects) = preSolution
		{9DF9F71E-103A-4070-9BA3-F5312CD02A1C} = {97EB4D0C-7A43-4EE9-B04E-8E923768405D}
	EndGlobalSection
EndGlobal
