
Microsoft Visual Studio Solution File, Format Version 12.00
Project("{2150E333-8FDC-42A3-9474-1A3956D46DE8}") = "Core", "Core", "{97EB4D0C-7A43-4EE9-B04E-8E923768405D}"
EndProject
Project("{FAE04EC0-301F-11D3-BF4B-00C04F79EFBC}") = "Console", "Console\Console.csproj", "{ECB51F88-505E-46C4-AE1E-50BC6D609FA4}"
EndProject
Project("{FAE04EC0-301F-11D3-BF4B-00C04F79EFBC}") = "Core.Wallets", "Core\Core.Wallets\Core.Wallets.csproj", "{DF5DFCF4-3324-42BD-A198-F99E567EE83A}"
EndProject
Project("{FAE04EC0-301F-11D3-BF4B-00C04F79EFBC}") = "Core.Parsers", "Core\Core.Parsers\Core.Parsers.csproj", "{AFF07ECC-51CA-4B3C-9960-5BF627F79373}"
EndProject
Project("{FAE04EC0-301F-11D3-BF4B-00C04F79EFBC}") = "Core.Models", "Core\Core.Models\Core.Models.csproj", "{1C96310A-F04A-480E-BC56-5A530EDF4603}"
EndProject
Project("{FAE04EC0-301F-11D3-BF4B-00C04F79EFBC}") = "Core.Checkers", "Core\Core.Checkers\Core.Checkers.csproj", "{2A430DDA-EACE-42D0-891C-58C7B6AB0CA2}"
EndProject
Project("{FAE04EC0-301F-11D3-BF4B-00C04F79EFBC}") = "TelegramBot", "TelegramBot\TelegramBot.csproj", "{14B65AC9-571F-4C82-ADE3-84CA9F74CC44}"
EndProject
Global
	GlobalSection(SolutionConfigurationPlatforms) = preSolution
		Debug|Any CPU = Debug|Any CPU
		Release|Any CPU = Release|Any CPU
	EndGlobalSection
	GlobalSection(ProjectConfigurationPlatforms) = postSolution
		{ECB51F88-505E-46C4-AE1E-50BC6D609FA4}.Debug|Any CPU.ActiveCfg = Debug|Any CPU
		{ECB51F88-505E-46C4-AE1E-50BC6D609FA4}.Debug|Any CPU.Build.0 = Debug|Any CPU
		{ECB51F88-505E-46C4-AE1E-50BC6D609FA4}.Release|Any CPU.ActiveCfg = Release|Any CPU
		{ECB51F88-505E-46C4-AE1E-50BC6D609FA4}.Release|Any CPU.Build.0 = Release|Any CPU
		{DF5DFCF4-3324-42BD-A198-F99E567EE83A}.Debug|Any CPU.ActiveCfg = Debug|Any CPU
		{DF5DFCF4-3324-42BD-A198-F99E567EE83A}.Debug|Any CPU.Build.0 = Debug|Any CPU
		{DF5DFCF4-3324-42BD-A198-F99E567EE83A}.Release|Any CPU.ActiveCfg = Release|Any CPU
		{DF5DFCF4-3324-42BD-A198-F99E567EE83A}.Release|Any CPU.Build.0 = Release|Any CPU
		{AFF07ECC-51CA-4B3C-9960-5BF627F79373}.Debug|Any CPU.ActiveCfg = Debug|Any CPU
		{AFF07ECC-51CA-4B3C-9960-5BF627F79373}.Debug|Any CPU.Build.0 = Debug|Any CPU
		{AFF07ECC-51CA-4B3C-9960-5BF627F79373}.Release|Any CPU.ActiveCfg = Release|Any CPU
		{AFF07ECC-51CA-4B3C-9960-5BF627F79373}.Release|Any CPU.Build.0 = Release|Any CPU
		{1C96310A-F04A-480E-BC56-5A530EDF4603}.Debug|Any CPU.ActiveCfg = Debug|Any CPU
		{1C96310A-F04A-480E-BC56-5A530EDF4603}.Debug|Any CPU.Build.0 = Debug|Any CPU
		{1C96310A-F04A-480E-BC56-5A530EDF4603}.Release|Any CPU.ActiveCfg = Release|Any CPU
		{1C96310A-F04A-480E-BC56-5A530EDF4603}.Release|Any CPU.Build.0 = Release|Any CPU
		{2A430DDA-EACE-42D0-891C-58C7B6AB0CA2}.Debug|Any CPU.ActiveCfg = Debug|Any CPU
		{2A430DDA-EACE-42D0-891C-58C7B6AB0CA2}.Debug|Any CPU.Build.0 = Debug|Any CPU
		{2A430DDA-EACE-42D0-891C-58C7B6AB0CA2}.Release|Any CPU.ActiveCfg = Release|Any CPU
		{2A430DDA-EACE-42D0-891C-58C7B6AB0CA2}.Release|Any CPU.Build.0 = Release|Any CPU
		{14B65AC9-571F-4C82-ADE3-84CA9F74CC44}.Debug|Any CPU.ActiveCfg = Debug|Any CPU
		{14B65AC9-571F-4C82-ADE3-84CA9F74CC44}.Debug|Any CPU.Build.0 = Debug|Any CPU
		{14B65AC9-571F-4C82-ADE3-84CA9F74CC44}.Release|Any CPU.ActiveCfg = Release|Any CPU
		{14B65AC9-571F-4C82-ADE3-84CA9F74CC44}.Release|Any CPU.Build.0 = Release|Any CPU
	EndGlobalSection
	GlobalSection(NestedProjects) = preSolution
		{DF5DFCF4-3324-42BD-A198-F99E567EE83A} = {97EB4D0C-7A43-4EE9-B04E-8E923768405D}
		{AFF07ECC-51CA-4B3C-9960-5BF627F79373} = {97EB4D0C-7A43-4EE9-B04E-8E923768405D}
		{1C96310A-F04A-480E-BC56-5A530EDF4603} = {97EB4D0C-7A43-4EE9-B04E-8E923768405D}
		{2A430DDA-EACE-42D0-891C-58C7B6AB0CA2} = {97EB4D0C-7A43-4EE9-B04E-8E923768405D}
	EndGlobalSection
EndGlobal
