Microsoft Visual Studio Solution File, Format Version 12.00
Project("{FAE04EC0-301F-11D3-BF4B-00C04F79EFBC}") = "Bot.Telegram", "Bot.Telegram\Bot.Telegram.csproj", "{BB97BDC3-78EC-449F-910F-9AC045A0AD12}"
EndProject
Project("{2150E333-8FDC-42A3-9474-1A3956D46DE8}") = "Core", "Core", "{48634686-5FCE-4AD1-9CBF-ED9F96AC6CCE}"
EndProject
Project("{FAE04EC0-301F-11D3-BF4B-00C04F79EFBC}") = "Bot.Core.Messages", "Core\Bot.Core.Messages\Bot.Core.Messages.csproj", "{B5428937-66CE-45CB-93EC-E933B7A980BC}"
EndProject
Project("{FAE04EC0-301F-11D3-BF4B-00C04F79EFBC}") = "Bot.Core.Models", "Core\Bot.Core.Models\Bot.Core.Models.csproj", "{77C53ADE-C86E-4DCD-AF8C-826A8DC9B109}"
EndProject
Project("{2150E333-8FDC-42A3-9474-1A3956D46DE8}") = "Modules", "Modules", "{F821C546-C023-4D23-B92E-1AE5D1206B67}"
EndProject
Project("{2150E333-8FDC-42A3-9474-1A3956D46DE8}") = "Payments", "Payments", "{E1092B78-C4C6-4FB1-8A86-89BDAEC7FD2E}"
EndProject
Project("{FAE04EC0-301F-11D3-BF4B-00C04F79EFBC}") = "Bot.Payments.CryptoBot", "Modules\Payments\Bot.Payments.CryptoBot\Bot.Payments.CryptoBot.csproj", "{BB761A89-542F-424C-8983-3A7521660D63}"
EndProject
Project("{2150E333-8FDC-42A3-9474-1A3956D46DE8}") = "Services", "Services", "{80CD0707-0989-49E6-BC5F-3BAA776EAF00}"
EndProject
Project("{FAE04EC0-301F-11D3-BF4B-00C04F79EFBC}") = "Bot.Services.Discord", "Modules\Services\Bot.Services.Discord\Bot.Services.Discord.csproj", "{820ABD7B-B317-40AF-AC4B-4B9ECE9415FA}"
EndProject
Project("{FAE04EC0-301F-11D3-BF4B-00C04F79EFBC}") = "Bot.Tests", "Bot.Tests\Bot.Tests.csproj", "{CC2700D5-3FBA-4A81-90AE-195E9A73F98A}"
EndProject
Global
	GlobalSection(SolutionConfigurationPlatforms) = preSolution
		Debug|Any CPU = Debug|Any CPU
		Release|Any CPU = Release|Any CPU
	EndGlobalSection
	GlobalSection(ProjectConfigurationPlatforms) = postSolution
		{BB97BDC3-78EC-449F-910F-9AC045A0AD12}.Debug|Any CPU.ActiveCfg = Debug|Any CPU
		{BB97BDC3-78EC-449F-910F-9AC045A0AD12}.Debug|Any CPU.Build.0 = Debug|Any CPU
		{BB97BDC3-78EC-449F-910F-9AC045A0AD12}.Release|Any CPU.ActiveCfg = Release|Any CPU
		{BB97BDC3-78EC-449F-910F-9AC045A0AD12}.Release|Any CPU.Build.0 = Release|Any CPU
		{B5428937-66CE-45CB-93EC-E933B7A980BC}.Debug|Any CPU.ActiveCfg = Debug|Any CPU
		{B5428937-66CE-45CB-93EC-E933B7A980BC}.Debug|Any CPU.Build.0 = Debug|Any CPU
		{B5428937-66CE-45CB-93EC-E933B7A980BC}.Release|Any CPU.ActiveCfg = Release|Any CPU
		{B5428937-66CE-45CB-93EC-E933B7A980BC}.Release|Any CPU.Build.0 = Release|Any CPU
		{77C53ADE-C86E-4DCD-AF8C-826A8DC9B109}.Debug|Any CPU.ActiveCfg = Debug|Any CPU
		{77C53ADE-C86E-4DCD-AF8C-826A8DC9B109}.Debug|Any CPU.Build.0 = Debug|Any CPU
		{77C53ADE-C86E-4DCD-AF8C-826A8DC9B109}.Release|Any CPU.ActiveCfg = Release|Any CPU
		{77C53ADE-C86E-4DCD-AF8C-826A8DC9B109}.Release|Any CPU.Build.0 = Release|Any CPU
		{BB761A89-542F-424C-8983-3A7521660D63}.Debug|Any CPU.ActiveCfg = Debug|Any CPU
		{BB761A89-542F-424C-8983-3A7521660D63}.Debug|Any CPU.Build.0 = Debug|Any CPU
		{BB761A89-542F-424C-8983-3A7521660D63}.Release|Any CPU.ActiveCfg = Release|Any CPU
		{BB761A89-542F-424C-8983-3A7521660D63}.Release|Any CPU.Build.0 = Release|Any CPU
		{820ABD7B-B317-40AF-AC4B-4B9ECE9415FA}.Debug|Any CPU.ActiveCfg = Debug|Any CPU
		{820ABD7B-B317-40AF-AC4B-4B9ECE9415FA}.Debug|Any CPU.Build.0 = Debug|Any CPU
		{820ABD7B-B317-40AF-AC4B-4B9ECE9415FA}.Release|Any CPU.ActiveCfg = Release|Any CPU
		{820ABD7B-B317-40AF-AC4B-4B9ECE9415FA}.Release|Any CPU.Build.0 = Release|Any CPU
		{CC2700D5-3FBA-4A81-90AE-195E9A73F98A}.Debug|Any CPU.ActiveCfg = Debug|Any CPU
		{CC2700D5-3FBA-4A81-90AE-195E9A73F98A}.Debug|Any CPU.Build.0 = Debug|Any CPU
		{CC2700D5-3FBA-4A81-90AE-195E9A73F98A}.Release|Any CPU.ActiveCfg = Release|Any CPU
		{CC2700D5-3FBA-4A81-90AE-195E9A73F98A}.Release|Any CPU.Build.0 = Release|Any CPU
	EndGlobalSection
	GlobalSection(NestedProjects) = preSolution
		{B5428937-66CE-45CB-93EC-E933B7A980BC} = {48634686-5FCE-4AD1-9CBF-ED9F96AC6CCE}
		{77C53ADE-C86E-4DCD-AF8C-826A8DC9B109} = {48634686-5FCE-4AD1-9CBF-ED9F96AC6CCE}
		{E1092B78-C4C6-4FB1-8A86-89BDAEC7FD2E} = {F821C546-C023-4D23-B92E-1AE5D1206B67}
		{BB761A89-542F-424C-8983-3A7521660D63} = {E1092B78-C4C6-4FB1-8A86-89BDAEC7FD2E}
		{80CD0707-0989-49E6-BC5F-3BAA776EAF00} = {F821C546-C023-4D23-B92E-1AE5D1206B67}
		{820ABD7B-B317-40AF-AC4B-4B9ECE9415FA} = {80CD0707-0989-49E6-BC5F-3BAA776EAF00}
	EndGlobalSection
EndGlobal
