Microsoft Visual Studio Solution File, Format Version 12.00
Project("{FAE04EC0-301F-11D3-BF4B-00C04F79EFBC}") = "Bot", "Bot\Bot.csproj", "{8ADA05F0-89DA-469A-874A-AC64C0B9D04A}"
EndProject
Project("{FAE04EC0-301F-11D3-BF4B-00C04F79EFBC}") = "Bot.Parsers", "Bot.Parsers\Bot.Parsers.csproj", "{890D90D0-EEF4-478E-8B79-C0E9548EA9A5}"
EndProject
Project("{FAE04EC0-301F-11D3-BF4B-00C04F79EFBC}") = "Bot.Checkers", "Bot.Checkers\Bot.Checkers.csproj", "{C6DF7003-4FE6-4F04-98FE-178127F3F945}"
EndProject
Project("{2150E333-8FDC-42A3-9474-1A3956D46DE8}") = "Modules", "Modules", "{E792B6EA-03F4-41D9-85CB-C4D9BC660C5E}"
EndProject
Project("{2150E333-8FDC-42A3-9474-1A3956D46DE8}") = "Core", "Core", "{554CC4AB-3EEC-4BD8-8BAE-98F2584B7CD1}"
EndProject
Project("{FAE04EC0-301F-11D3-BF4B-00C04F79EFBC}") = "Bot.Services", "Bot.Services\Bot.Services.csproj", "{834FAE5E-E711-4F45-9696-1958FEB76B74}"
EndProject
Project("{FAE04EC0-301F-11D3-BF4B-00C04F79EFBC}") = "Bot.Database", "Bot.Database\Bot.Database.csproj", "{04EB0E0F-6E6E-4960-9E12-46C00CCCA6A2}"
EndProject
Project("{FAE04EC0-301F-11D3-BF4B-00C04F79EFBC}") = "Bot.Models", "Bot.Models\Bot.Models.csproj", "{03B53A05-0EB1-4459-8C2C-3F5D57875713}"
EndProject
Project("{FAE04EC0-301F-11D3-BF4B-00C04F79EFBC}") = "Bot.Tests", "Bot.Tests\Bot.Tests.csproj", "{7D74DA49-D80B-41EA-9AE7-57FD869A6965}"
EndProject
Project("{2150E333-8FDC-42A3-9474-1A3956D46DE8}") = "Payments", "Payments", "{23DC6D96-4FBE-454C-A8E8-8DFD3B489BAC}"
EndProject
Project("{FAE04EC0-301F-11D3-BF4B-00C04F79EFBC}") = "Bot.Payments.CryptoBot", "Bot.Payments.CryptoBot\Bot.Payments.CryptoBot.csproj", "{DF86BB8F-80F1-4A6E-91B6-2F5D52D689C4}"
EndProject
Global
	GlobalSection(SolutionConfigurationPlatforms) = preSolution
		Debug|Any CPU = Debug|Any CPU
		Release|Any CPU = Release|Any CPU
	EndGlobalSection
	GlobalSection(ProjectConfigurationPlatforms) = postSolution
		{8ADA05F0-89DA-469A-874A-AC64C0B9D04A}.Debug|Any CPU.ActiveCfg = Debug|linux-x64
		{8ADA05F0-89DA-469A-874A-AC64C0B9D04A}.Debug|Any CPU.Build.0 = Debug|linux-x64
		{8ADA05F0-89DA-469A-874A-AC64C0B9D04A}.Release|Any CPU.ActiveCfg = Release|linux-x64
		{8ADA05F0-89DA-469A-874A-AC64C0B9D04A}.Release|Any CPU.Build.0 = Release|linux-x64
		{890D90D0-EEF4-478E-8B79-C0E9548EA9A5}.Debug|Any CPU.ActiveCfg = Debug|Any CPU
		{890D90D0-EEF4-478E-8B79-C0E9548EA9A5}.Debug|Any CPU.Build.0 = Debug|Any CPU
		{890D90D0-EEF4-478E-8B79-C0E9548EA9A5}.Release|Any CPU.ActiveCfg = Release|Any CPU
		{890D90D0-EEF4-478E-8B79-C0E9548EA9A5}.Release|Any CPU.Build.0 = Release|Any CPU
		{C6DF7003-4FE6-4F04-98FE-178127F3F945}.Debug|Any CPU.ActiveCfg = Debug|Any CPU
		{C6DF7003-4FE6-4F04-98FE-178127F3F945}.Debug|Any CPU.Build.0 = Debug|Any CPU
		{C6DF7003-4FE6-4F04-98FE-178127F3F945}.Release|Any CPU.ActiveCfg = Release|Any CPU
		{C6DF7003-4FE6-4F04-98FE-178127F3F945}.Release|Any CPU.Build.0 = Release|Any CPU
		{834FAE5E-E711-4F45-9696-1958FEB76B74}.Debug|Any CPU.ActiveCfg = Debug|Any CPU
		{834FAE5E-E711-4F45-9696-1958FEB76B74}.Debug|Any CPU.Build.0 = Debug|Any CPU
		{834FAE5E-E711-4F45-9696-1958FEB76B74}.Release|Any CPU.ActiveCfg = Release|Any CPU
		{834FAE5E-E711-4F45-9696-1958FEB76B74}.Release|Any CPU.Build.0 = Release|Any CPU
		{04EB0E0F-6E6E-4960-9E12-46C00CCCA6A2}.Debug|Any CPU.ActiveCfg = Debug|Any CPU
		{04EB0E0F-6E6E-4960-9E12-46C00CCCA6A2}.Debug|Any CPU.Build.0 = Debug|Any CPU
		{04EB0E0F-6E6E-4960-9E12-46C00CCCA6A2}.Release|Any CPU.ActiveCfg = Release|Any CPU
		{04EB0E0F-6E6E-4960-9E12-46C00CCCA6A2}.Release|Any CPU.Build.0 = Release|Any CPU
		{03B53A05-0EB1-4459-8C2C-3F5D57875713}.Debug|Any CPU.ActiveCfg = Debug|Any CPU
		{03B53A05-0EB1-4459-8C2C-3F5D57875713}.Debug|Any CPU.Build.0 = Debug|Any CPU
		{03B53A05-0EB1-4459-8C2C-3F5D57875713}.Release|Any CPU.ActiveCfg = Release|Any CPU
		{03B53A05-0EB1-4459-8C2C-3F5D57875713}.Release|Any CPU.Build.0 = Release|Any CPU
		{7D74DA49-D80B-41EA-9AE7-57FD869A6965}.Debug|Any CPU.ActiveCfg = Debug|Any CPU
		{7D74DA49-D80B-41EA-9AE7-57FD869A6965}.Debug|Any CPU.Build.0 = Debug|Any CPU
		{7D74DA49-D80B-41EA-9AE7-57FD869A6965}.Release|Any CPU.ActiveCfg = Release|Any CPU
		{7D74DA49-D80B-41EA-9AE7-57FD869A6965}.Release|Any CPU.Build.0 = Release|Any CPU
		{DF86BB8F-80F1-4A6E-91B6-2F5D52D689C4}.Debug|Any CPU.ActiveCfg = Debug|Any CPU
		{DF86BB8F-80F1-4A6E-91B6-2F5D52D689C4}.Debug|Any CPU.Build.0 = Debug|Any CPU
		{DF86BB8F-80F1-4A6E-91B6-2F5D52D689C4}.Release|Any CPU.ActiveCfg = Release|Any CPU
		{DF86BB8F-80F1-4A6E-91B6-2F5D52D689C4}.Release|Any CPU.Build.0 = Release|Any CPU
	EndGlobalSection
	GlobalSection(NestedProjects) = preSolution
		{C6DF7003-4FE6-4F04-98FE-178127F3F945} = {E792B6EA-03F4-41D9-85CB-C4D9BC660C5E}
		{890D90D0-EEF4-478E-8B79-C0E9548EA9A5} = {E792B6EA-03F4-41D9-85CB-C4D9BC660C5E}
		{834FAE5E-E711-4F45-9696-1958FEB76B74} = {554CC4AB-3EEC-4BD8-8BAE-98F2584B7CD1}
		{04EB0E0F-6E6E-4960-9E12-46C00CCCA6A2} = {554CC4AB-3EEC-4BD8-8BAE-98F2584B7CD1}
		{03B53A05-0EB1-4459-8C2C-3F5D57875713} = {554CC4AB-3EEC-4BD8-8BAE-98F2584B7CD1}
		{23DC6D96-4FBE-454C-A8E8-8DFD3B489BAC} = {E792B6EA-03F4-41D9-85CB-C4D9BC660C5E}
		{DF86BB8F-80F1-4A6E-91B6-2F5D52D689C4} = {23DC6D96-4FBE-454C-A8E8-8DFD3B489BAC}
	EndGlobalSection
EndGlobal
